<?xml version="1.0" encoding="utf-8"?>
<Project ToolsVersion="17.0" xmlns="http://schemas.microsoft.com/developer/msbuild/2003">
  <ItemGroup>
    <CustomBuild Include="D:\Apps\Flutter\project_messager\windows\CMakeFiles\c02f3d7608dd80f936bd50e45cdb6102\INSTALL_force.rule">
      <Filter>CMake Rules</Filter>
    </CustomBuild>
  </ItemGroup>
  <ItemGroup>
    <Filter Include="CMake Rules">
      <UniqueIdentifier>{5A9FB11E-EABD-3770-ADD8-4E076513D58C}</UniqueIdentifier>
    </Filter>
  </ItemGroup>
</Project>
